# @generated - this file is auto-generated by `mise lock` https://mise.en.dev/dev-tools/mise-lock.html

[[tools."cargo:cargo-binutils"]]
version = "0.3.6"
backend = "cargo:cargo-binutils"

[[tools."cargo:nu"]]
version = "0.109.1"
backend = "cargo:nu"

[[tools."cargo:rustfilt"]]
version = "0.2.1"
backend = "cargo:rustfilt"

[[tools."cargo:wasm-pack"]]
version = "0.13.1"
backend = "cargo:wasm-pack"

[[tools."github:taiki-e/cargo-llvm-cov"]]
version = "0.6.21"
backend = "github:taiki-e/cargo-llvm-cov"

[tools."github:taiki-e/cargo-llvm-cov"."platforms.linux-arm64"]
checksum = "sha256:8187c40fa3cbef6fe65e426bee24ddcfefee943dc68bdb0617f0293a092941af"
url = "https://github.com/taiki-e/cargo-llvm-cov/releases/download/v0.6.21/cargo-llvm-cov-aarch64-unknown-linux-gnu.tar.gz"
url_api = "https://api.github.com/repos/taiki-e/cargo-llvm-cov/releases/assets/302796358"
provenance = "github-attestations"

[tools."github:taiki-e/cargo-llvm-cov"."platforms.linux-arm64-musl"]
checksum = "sha256:f7f3d23104f79dbc66831335f1e77e5fa12932f9b88d449a8170390c86e4d064"
url = "https://github.com/taiki-e/cargo-llvm-cov/releases/download/v0.6.21/cargo-llvm-cov-aarch64-unknown-linux-musl.tar.gz"
url_api = "https://api.github.com/repos/taiki-e/cargo-llvm-cov/releases/assets/302795822"
provenance = "github-attestations"

[tools."github:taiki-e/cargo-llvm-cov"."platforms.linux-x64"]
checksum = "sha256:57f491aedf7cdb261538ceb49cbb1ee9d27df7ca205a5e1a009caaf5cb911afb"
url = "https://github.com/taiki-e/cargo-llvm-cov/releases/download/v0.6.21/cargo-llvm-cov-x86_64-unknown-linux-gnu.tar.gz"
url_api = "https://api.github.com/repos/taiki-e/cargo-llvm-cov/releases/assets/302795845"
provenance = "github-attestations"

[tools."github:taiki-e/cargo-llvm-cov"."platforms.linux-x64-musl"]
checksum = "sha256:0fa9ac9953583fa993786b529ce9c828a2e548ee9d183f5e908a357157d030f0"
url = "https://github.com/taiki-e/cargo-llvm-cov/releases/download/v0.6.21/cargo-llvm-cov-x86_64-unknown-linux-musl.tar.gz"
url_api = "https://api.github.com/repos/taiki-e/cargo-llvm-cov/releases/assets/302795801"
provenance = "github-attestations"

[tools."github:taiki-e/cargo-llvm-cov"."platforms.macos-arm64"]
checksum = "sha256:623bab61799ab4de8a88e0bd8c5101133cb6a4377a0f22f06be91913f40a3ba9"
url = "https://github.com/taiki-e/cargo-llvm-cov/releases/download/v0.6.21/cargo-llvm-cov-aarch64-apple-darwin.tar.gz"
url_api = "https://api.github.com/repos/taiki-e/cargo-llvm-cov/releases/assets/302796471"
provenance = "github-attestations"

[tools."github:taiki-e/cargo-llvm-cov"."platforms.macos-x64"]
checksum = "sha256:0bae81daedc549de52691cab8ecc4c6bf9fb03d16eb693f6de4a871cfe1f2413"
url = "https://github.com/taiki-e/cargo-llvm-cov/releases/download/v0.6.21/cargo-llvm-cov-x86_64-apple-darwin.tar.gz"
url_api = "https://api.github.com/repos/taiki-e/cargo-llvm-cov/releases/assets/302796569"
provenance = "github-attestations"

[tools."github:taiki-e/cargo-llvm-cov"."platforms.windows-x64"]
checksum = "sha256:521a638aec9f85dfdfafe705cb1fd8a34b518564ff9ff81cb79b8ffd1f0be5f1"
url = "https://github.com/taiki-e/cargo-llvm-cov/releases/download/v0.6.21/cargo-llvm-cov-x86_64-pc-windows-msvc.zip"
url_api = "https://api.github.com/repos/taiki-e/cargo-llvm-cov/releases/assets/302796221"
provenance = "github-attestations"

[[tools.node]]
version = "20.19.5"
backend = "core:node"

[tools.node."platforms.linux-arm64"]
checksum = "sha256:a08b513de673853ca16395ec461a104a99bf0e941ebb7baedb98b30cd221d8cc"
url = "https://nodejs.org/dist/v20.19.5/node-v20.19.5-linux-arm64.tar.gz"

[tools.node."platforms.linux-arm64-musl"]
url = "https://unofficial-builds.nodejs.org/download/release/v20.19.5/node-v20.19.5-linux-arm64-musl.tar.gz"

[tools.node."platforms.linux-x64"]
checksum = "sha256:4eba5fbe1fb10753bc06e42f001a91c5cec16798b7764a3e9257adc59af47fe1"
url = "https://nodejs.org/dist/v20.19.5/node-v20.19.5-linux-x64.tar.gz"

[tools.node."platforms.linux-x64-musl"]
checksum = "sha256:52566a56f9085c38bf6f82b407bfd9d9fa435ea89858168ca99337e058f2be19"
url = "https://unofficial-builds.nodejs.org/download/release/v20.19.5/node-v20.19.5-linux-x64-musl.tar.gz"

[tools.node."platforms.macos-arm64"]
checksum = "sha256:cfed7503d8d99fbcf2f52e408ec52f616058eb0867b34dbc3437259993ef5cba"
url = "https://nodejs.org/dist/v20.19.5/node-v20.19.5-darwin-arm64.tar.gz"

[tools.node."platforms.macos-x64"]
checksum = "sha256:f9cff058f2766d4d0631dc69b5f7f27664b3a42ff186e25ac7e1ac269af7e696"
url = "https://nodejs.org/dist/v20.19.5/node-v20.19.5-darwin-x64.tar.gz"

[tools.node."platforms.windows-x64"]
checksum = "sha256:c48159529572a5a947eef2d55d6485dfdc4ce8e67216402e2f6de52ad5d95695"
url = "https://nodejs.org/dist/v20.19.5/node-v20.19.5-win-x64.zip"

[[tools."npm:c8"]]
version = "10.1.3"
backend = "npm:c8"

[[tools."npm:http-server"]]
version = "14.1.1"
backend = "npm:http-server"

[[tools."npm:lcov-summary"]]
version = "1.0.1"
backend = "npm:lcov-summary"

[[tools."npm:pnpm"]]
version = "10.13.1"
backend = "npm:pnpm"

[[tools."npm:typescript"]]
version = "5.8.3"
backend = "npm:typescript"

[[tools."npm:vsce"]]
version = "2.15.0"
backend = "npm:vsce"

[[tools.rust]]
version = "1.90.0"
backend = "core:rust"

[tools.rust.options]
components = "llvm-tools-preview"
targets = "wasm32-unknown-unknown"

[[tools.rust]]
version = "nightly"
backend = "core:rust"

[tools.rust.options]
components = "llvm-tools-preview"
targets = "wasm32-unknown-unknown"

[[tools."ubi:haberdashpi/simple-src-docs"]]
version = "0.6.0"
backend = "ubi:haberdashpi/simple-src-docs"

[tools."ubi:haberdashpi/simple-src-docs"."platforms.macos-arm64-simple-src-docs"]
checksum = "blake3:0d7cd60236bc6c266515bdf25695e70788857a6bcf81f57a6e67cc8b6e56d45d"

[[tools.watchexec]]
version = "2.3.2"
backend = "aqua:watchexec/watchexec"

[tools.watchexec."platforms.linux-arm64"]
checksum = "sha256:4e39391a2b75048cccfb7ab85e53241a8a8c9f88259dac0ee612b13d04e0e7e2"
url = "https://github.com/watchexec/watchexec/releases/download/v2.3.2/watchexec-2.3.2-aarch64-unknown-linux-musl.tar.xz"

[tools.watchexec."platforms.linux-arm64-musl"]
checksum = "sha256:4e39391a2b75048cccfb7ab85e53241a8a8c9f88259dac0ee612b13d04e0e7e2"
url = "https://github.com/watchexec/watchexec/releases/download/v2.3.2/watchexec-2.3.2-aarch64-unknown-linux-musl.tar.xz"

[tools.watchexec."platforms.linux-x64"]
checksum = "sha256:2e72e56f722212558ce53d71c13d069f469c8113396da09d8ebf122ce6a655a5"
url = "https://github.com/watchexec/watchexec/releases/download/v2.3.2/watchexec-2.3.2-x86_64-unknown-linux-musl.tar.xz"

[tools.watchexec."platforms.linux-x64-musl"]
checksum = "sha256:2e72e56f722212558ce53d71c13d069f469c8113396da09d8ebf122ce6a655a5"
url = "https://github.com/watchexec/watchexec/releases/download/v2.3.2/watchexec-2.3.2-x86_64-unknown-linux-musl.tar.xz"

[tools.watchexec."platforms.macos-arm64"]
checksum = "sha256:f19c399c20bc7bfa5569b57c0244da3b926bc942e98c2a4c7f548cf1f0d65d76"
url = "https://github.com/watchexec/watchexec/releases/download/v2.3.2/watchexec-2.3.2-aarch64-apple-darwin.tar.xz"

[tools.watchexec."platforms.macos-x64"]
checksum = "sha256:2f2f3b084937256683adf86495f4e6ebb1b18cabd24892e171fcb1ec85f910c7"
url = "https://github.com/watchexec/watchexec/releases/download/v2.3.2/watchexec-2.3.2-x86_64-apple-darwin.tar.xz"

[tools.watchexec."platforms.windows-x64"]
checksum = "sha256:246f6b621414fe5b2b49652a2da279a9fc1de1f8de8e4c2d2067a663d7e671e5"
url = "https://github.com/watchexec/watchexec/releases/download/v2.3.2/watchexec-2.3.2-x86_64-pc-windows-msvc.zip"
